
Microsoft Visual Studio Solution File, Format Version 12.00
# Visual Studio Version 16
VisualStudioVersion = 16.0.30011.22
MinimumVisualStudioVersion = 10.0.40219.1
Project("{8BC9CEB8-8B4A-11D0-8D11-00A0C91BC942}") = "FaceDetect", "Project1\Project1.vcxproj", "{D9DEDC08-5B77-4B4A-A36F-AA85F0EDF8B0}"
EndProject
Project("{8BC9CEB8-8B4A-11D0-8D11-00A0C91BC942}") = "Tests", "Tests\Tests.vcxproj", "{51932973-7F47-47CA-9DBB-36178C8BACBE}"
EndProject
Global
	GlobalSection(SolutionConfigurationPlatforms) = preSolution
		Debug|x64 = Debug|x64
		Debug|x86 = Debug|x86
		Release|x64 = Release|x64
		Release|x86 = Release|x86
	EndGlobalSection
	GlobalSection(ProjectConfigurationPlatforms) = postSolution
		{D9DEDC08-5B77-4B4A-A36F-AA85F0EDF8B0}.Debug|x64.ActiveCfg = Debug|x64
		{D9DEDC08-5B77-4B4A-A36F-AA85F0EDF8B0}.Debug|x64.Build.0 = Debug|x64
		{D9DEDC08-5B77-4B4A-A36F-AA85F0EDF8B0}.Debug|x86.ActiveCfg = Debug|Win32
		{D9DEDC08-5B77-4B4A-A36F-AA85F0EDF8B0}.Debug|x86.Build.0 = Debug|Win32
		{D9DEDC08-5B77-4B4A-A36F-AA85F0EDF8B0}.Release|x64.ActiveCfg = Release|x64
		{D9DEDC08-5B77-4B4A-A36F-AA85F0EDF8B0}.Release|x64.Build.0 = Release|x64
		{D9DEDC08-5B77-4B4A-A36F-AA85F0EDF8B0}.Release|x86.ActiveCfg = Release|Win32
		{D9DEDC08-5B77-4B4A-A36F-AA85F0EDF8B0}.Release|x86.Build.0 = Release|Win32
		{51932973-7F47-47CA-9DBB-36178C8BACBE}.Debug|x64.ActiveCfg = Debug|x64
		{51932973-7F47-47CA-9DBB-36178C8BACBE}.Debug|x64.Build.0 = Debug|x64
		{51932973-7F47-47CA-9DBB-36178C8BACBE}.Debug|x86.ActiveCfg = Debug|Win32
		{51932973-7F47-47CA-9DBB-36178C8BACBE}.Debug|x86.Build.0 = Debug|Win32
		{51932973-7F47-47CA-9DBB-36178C8BACBE}.Release|x64.ActiveCfg = Release|x64
		{51932973-7F47-47CA-9DBB-36178C8BACBE}.Release|x64.Build.0 = Release|x64
		{51932973-7F47-47CA-9DBB-36178C8BACBE}.Release|x86.ActiveCfg = Release|Win32
		{51932973-7F47-47CA-9DBB-36178C8BACBE}.Release|x86.Build.0 = Release|Win32
	EndGlobalSection
	GlobalSection(SolutionProperties) = preSolution
		HideSolutionNode = FALSE
	EndGlobalSection
	GlobalSection(ExtensibilityGlobals) = postSolution
		SolutionGuid = {CE838361-DF8D-4350-8378-B8FB0A8E5965}
	EndGlobalSection
EndGlobal
